// !$*UTF8*$!
{
	archiveVersion = 1;
	classes = {
	};
	objectVersion = 77;
	objects = {

/* Begin PBXBuildFile section */
		05277CFF37A653E7853A4071 /* NotificationCopy.swift in Sources */ = {isa = PBXBuildFile; fileRef = 05F90EEA77E27FCB73AEF893 /* NotificationCopy.swift */; };
		0757D5BF3642F38E98CBC390 /* AppGroup.swift in Sources */ = {isa = PBXBuildFile; fileRef = 4E64DCF54BDFEA24B8483822 /* AppGroup.swift */; };
		0D8C75BAC2C6CA9833667DA4 /* NotificationTimePickerView.swift in Sources */ = {isa = PBXBuildFile; fileRef = 46F5FDA1E996CC20FA7F7AB6 /* NotificationTimePickerView.swift */; };
		0FE73F5529A8AE5C1D94C7EA /* FocusCardButtonStyle.swift in Sources */ = {isa = PBXBuildFile; fileRef = E912764EE7833587BDFFC948 /* FocusCardButtonStyle.swift */; };
		10B4BEA0B8773EDFC5834C49 /* DateFormatters.swift in Sources */ = {isa = PBXBuildFile; fileRef = 7E7F8FD56494C087B74E389E /* DateFormatters.swift */; };
		12D1A1B2585F9DAC7E94DBDD /* FocusStatusCardView.swift in Sources */ = {isa = PBXBuildFile; fileRef = 25A03811729F4C0D225D9AB7 /* FocusStatusCardView.swift */; };
		139E400B887A842E4B168BAF /* FocusInlineEditRow.swift in Sources */ = {isa = PBXBuildFile; fileRef = 2CE6A52A29A3442710F28314 /* FocusInlineEditRow.swift */; };
		1B28AFD78D0E2E659092F096 /* HomeShellView.swift in Sources */ = {isa = PBXBuildFile; fileRef = 81D1A6D7805D56D46CC0F0F2 /* HomeShellView.swift */; };
		1BD5B7A207F8E17F19B9DCB0 /* YearProgressPalette.swift in Sources */ = {isa = PBXBuildFile; fileRef = 5AD8916417AD65D8458C917E /* YearProgressPalette.swift */; };
		1E7CAE3BD30803A728731905 /* DayKeyTests.swift in Sources */ = {isa = PBXBuildFile; fileRef = 202A4F9F5292213D738F06F4 /* DayKeyTests.swift */; };
		1F697788B97D01FC3D47A1E3 /* WidgetTypography.swift in Sources */ = {isa = PBXBuildFile; fileRef = E12A8CBDD3FDA35BA08E5BF5 /* WidgetTypography.swift */; };
		20F1F632FB1276A783F9B843 /* Color+Theme.swift in Sources */ = {isa = PBXBuildFile; fileRef = 5DA7D711994B8BE6E5899F48 /* Color+Theme.swift */; };
		24DAE9EAF8EF31E2F4204D41 /* PrimaryButtonStyle.swift in Sources */ = {isa = PBXBuildFile; fileRef = AE7A87A390435ECA61211529 /* PrimaryButtonStyle.swift */; };
		2932F40C6DAB87691A120ADB /* FocusTagPickerView.swift in Sources */ = {isa = PBXBuildFile; fileRef = 7C159ABFF5DDDC897144D0DB /* FocusTagPickerView.swift */; };
		297B5033539813EE52B262F7 /* TenXShared in Frameworks */ = {isa = PBXBuildFile; productRef = 71FCB568A50E5A2BB243E6FE /* TenXShared */; };
		2BF1379398D6CBE0B6518B9B /* HomeView+Actions.swift in Sources */ = {isa = PBXBuildFile; fileRef = 8ADBB6B2A591870B45A58AD0 /* HomeView+Actions.swift */; };
		332DCF5758C5CACAA0C9B1F8 /* TestContainerFactory.swift in Sources */ = {isa = PBXBuildFile; fileRef = DCFCC743D503723BB68C5E80 /* TestContainerFactory.swift */; };
		38C57C8F2C4562E1CABB0742 /* Assets.xcassets in Resources */ = {isa = PBXBuildFile; fileRef = 7184B408622476752E69E770 /* Assets.xcassets */; };
		39CC757426CDF68E4618FE03 /* DayKey.swift in Sources */ = {isa = PBXBuildFile; fileRef = 1AA27161AD0848A5BD034279 /* DayKey.swift */; };
		3A6E0C07D9C8EC0712CE06CB /* DayEntry.swift in Sources */ = {isa = PBXBuildFile; fileRef = BFA1E7B634B0F9DFD698A929 /* DayEntry.swift */; };
		3ADC3366983661FBCC841439 /* StreakEngineTests.swift in Sources */ = {isa = PBXBuildFile; fileRef = 27A5218DB11B4AEAE02DECE9 /* StreakEngineTests.swift */; };
		3ECA2867051DB6BA2429509A /* FocusChecklistRow.swift in Sources */ = {isa = PBXBuildFile; fileRef = 83E7D157B3BE2C024B2BBA75 /* FocusChecklistRow.swift */; };
		40A01AC47E931B63638F475D /* SmallHomeWidgetView.swift in Sources */ = {isa = PBXBuildFile; fileRef = EAA7CFBE82A90B8B372C3410 /* SmallHomeWidgetView.swift */; };
		48C8A344C6FE8FEA661AE5C0 /* TenXShared in Frameworks */ = {isa = PBXBuildFile; productRef = CA46EFC70D62016D07BE0742 /* TenXShared */; };
		4D17E98B7DA9D92AD164442F /* YearProgressView.swift in Sources */ = {isa = PBXBuildFile; fileRef = 28751FEEA15DAD05F5ADDF32 /* YearProgressView.swift */; };
		521752C7AC39D17FF7EF99D7 /* TenXWidgets.appex in Embed Foundation Extensions */ = {isa = PBXBuildFile; fileRef = BAF4A5DE129C0DA84C9FE5C6 /* TenXWidgets.appex */; settings = {ATTRIBUTES = (RemoveHeadersOnCopy, ); }; };
		576CF98DCDDC4141244FB31B /* ThemedRootView.swift in Sources */ = {isa = PBXBuildFile; fileRef = A04956A1B79843FE344CDC10 /* ThemedRootView.swift */; };
		58E60858273E2F0256FD7C13 /* ModelContainerFactory.swift in Sources */ = {isa = PBXBuildFile; fileRef = 297C42A92646C47C6ACBD23A /* ModelContainerFactory.swift */; };
		5EE3C769DC90D04361060CB5 /* HomeViewModel.swift in Sources */ = {isa = PBXBuildFile; fileRef = 1664BE6DB35E7EADF4EA4A07 /* HomeViewModel.swift */; };
		687C1846A3328212AFE483C4 /* HomeView.swift in Sources */ = {isa = PBXBuildFile; fileRef = 5A197A1ED012336720E95C9E /* HomeView.swift */; };
		71301D945F826E65826578D5 /* AppConstants.swift in Sources */ = {isa = PBXBuildFile; fileRef = 26F10FD6CCF4272BFD1B1ADE /* AppConstants.swift */; };
		724C956231513266F15E63F2 /* OnboardingContainerView.swift in Sources */ = {isa = PBXBuildFile; fileRef = EAE620A7161AE8EB3D572557 /* OnboardingContainerView.swift */; };
		73AD28B13118BA083EA0C699 /* SettingsSheetView.swift in Sources */ = {isa = PBXBuildFile; fileRef = 981B68592835FBD31E1B21A5 /* SettingsSheetView.swift */; };
		75900800D0F183C5019940C6 /* RootView.swift in Sources */ = {isa = PBXBuildFile; fileRef = 0276AF22821B9093A9B69D24 /* RootView.swift */; };
		780CAA926474BC64CEA2B894 /* Haptics.swift in Sources */ = {isa = PBXBuildFile; fileRef = D14D1C3E251F3E976370B01F /* Haptics.swift */; };
		796739A9F7554CF233251E79 /* StreakEngine.swift in Sources */ = {isa = PBXBuildFile; fileRef = 9C58825A22690BF693906CCD /* StreakEngine.swift */; };
		7C2993986641F7ECEDAA4318 /* AppState.swift in Sources */ = {isa = PBXBuildFile; fileRef = 30256E82C2DD56A612FB96A5 /* AppState.swift */; };
		881E128A78B3F5A5C08CF4E3 /* LaunchTests.swift in Sources */ = {isa = PBXBuildFile; fileRef = 990D2718E4798B9875A4E1BD /* LaunchTests.swift */; };
		8DFCAF94FF2D9B388B55B516 /* SnapshotTimelineProvider.swift in Sources */ = {isa = PBXBuildFile; fileRef = 0E718A6BE3F4B249B394CF63 /* SnapshotTimelineProvider.swift */; };
		90002819563428246A128107 /* FocusReorderDropDelegate.swift in Sources */ = {isa = PBXBuildFile; fileRef = 1FCDF62C74291A4B39FE7754 /* FocusReorderDropDelegate.swift */; };
		934A7FD3EEB3174B8D20F9C3 /* ThemeController.swift in Sources */ = {isa = PBXBuildFile; fileRef = 16F288787EDEBA564B4EEDB3 /* ThemeController.swift */; };
		96FE66B2DB21DCEAEEF2E0C9 /* LockWidgetView.swift in Sources */ = {isa = PBXBuildFile; fileRef = EA7B3DEFAFDA8B71377ABD04 /* LockWidgetView.swift */; };
		971F8BE5623BA7ABCA79D4DC /* DayFocusDetailView.swift in Sources */ = {isa = PBXBuildFile; fileRef = 1078B87C31BE966CDD1B0658 /* DayFocusDetailView.swift */; };
		9E0B424031378AE3039421B1 /* FocusInputRow.swift in Sources */ = {isa = PBXBuildFile; fileRef = F9D2263C6E158C710703930B /* FocusInputRow.swift */; };
		9F85651D675BF99531345768 /* ShareItem.swift in Sources */ = {isa = PBXBuildFile; fileRef = 490DCB3391BFF36DB308908A /* ShareItem.swift */; };
		A0EB97CDCF3BC15C23A72667 /* ShareSheet.swift in Sources */ = {isa = PBXBuildFile; fileRef = 98E7758DABC2046933731E1C /* ShareSheet.swift */; };
		A1DA7A047A6F68C5525371ED /* OnboardingCarouselView.swift in Sources */ = {isa = PBXBuildFile; fileRef = 0C95B4D07CD03014B0D3FA31 /* OnboardingCarouselView.swift */; };
		A4ADE892814C901A20E968F4 /* HomeFocusDraftsViewModel.swift in Sources */ = {isa = PBXBuildFile; fileRef = 56E086F20E38749B31F81530 /* HomeFocusDraftsViewModel.swift */; };
		A4F3B155A28701D87A8BEF17 /* TenXStoreTests.swift in Sources */ = {isa = PBXBuildFile; fileRef = 236CB66E5CEE6520EBC5D764 /* TenXStoreTests.swift */; };
		AB06F5E47349BF5B73F1297D /* TenXApp.swift in Sources */ = {isa = PBXBuildFile; fileRef = A4BB3AD633CF6A4467EF207D /* TenXApp.swift */; };
		AEE96A083C7896928C9A8BFD /* DailySetupViewModel.swift in Sources */ = {isa = PBXBuildFile; fileRef = F2D7CC8CFB5DCAE3AABFB857 /* DailySetupViewModel.swift */; };
		B076167B08E16206FDA74454 /* View+GlassEffect.swift in Sources */ = {isa = PBXBuildFile; fileRef = 44839E70627ADA9E33D1D65C /* View+GlassEffect.swift */; };
		B1A8757D4F597250F882ED00 /* AppearanceMode.swift in Sources */ = {isa = PBXBuildFile; fileRef = B3E1D974669AF89C03FEE247 /* AppearanceMode.swift */; };
		B4907BA1205351D4BA2C3E05 /* SettingsViewModel.swift in Sources */ = {isa = PBXBuildFile; fileRef = F1AFA79C4EF9E55F564734C6 /* SettingsViewModel.swift */; };
		B7B11D462D8250328646F47D /* Font+TenX.swift in Sources */ = {isa = PBXBuildFile; fileRef = E413908A98A84837AF1265B1 /* Font+TenX.swift */; };
		B7DF000566FC5050B57CDFF7 /* FocusTag.swift in Sources */ = {isa = PBXBuildFile; fileRef = 708DD174FC806075C63C70F7 /* FocusTag.swift */; };
		B98935E0A7CCD42221879DD6 /* UIKitAppearance.swift in Sources */ = {isa = PBXBuildFile; fileRef = 3ECF09A08EA21B50442D89BA /* UIKitAppearance.swift */; };
		BA15DF609CFDC232EFCDDBB6 /* FocusStatus.swift in Sources */ = {isa = PBXBuildFile; fileRef = 137A0A34F9331C76FD8F49C1 /* FocusStatus.swift */; };
		BB8CAF648237D2E0A5E49113 /* FocusDrafts.swift in Sources */ = {isa = PBXBuildFile; fileRef = 1AC10958AC7DECE43483AB11 /* FocusDrafts.swift */; };
		BBC141BB2E10DE00283FA6AF /* AppColors.swift in Sources */ = {isa = PBXBuildFile; fileRef = 44BA69D02DD8B89E9B91FEF6 /* AppColors.swift */; };
		BFDC2E9106EAEFE9F8223094 /* View+Theme.swift in Sources */ = {isa = PBXBuildFile; fileRef = 7CECB023EAAC5DF263710E50 /* View+Theme.swift */; };
		C344E20770EDCC412BDBDCD6 /* YearProgressGridLayout.swift in Sources */ = {isa = PBXBuildFile; fileRef = E390C9D25A7C80753339EE0E /* YearProgressGridLayout.swift */; };
		C4F3972F15E67F6D120B5E1A /* NotificationPreferences.swift in Sources */ = {isa = PBXBuildFile; fileRef = 4B51363006461E242A1FF667 /* NotificationPreferences.swift */; };
		C50D10DBBC8097D3E38B937A /* WeeklyProgressDay.swift in Sources */ = {isa = PBXBuildFile; fileRef = D4FBDA6DE7BCCCE80C1D0007 /* WeeklyProgressDay.swift */; };
		C589006E7FC897634095EF46 /* YearProgressViewModel.swift in Sources */ = {isa = PBXBuildFile; fileRef = 3E091D9143FD68EBA9049E01 /* YearProgressViewModel.swift */; };
		C84D915B596B34A91888E26D /* YearProgressPreviewTileView.swift in Sources */ = {isa = PBXBuildFile; fileRef = 7023406A76DE54CB3E7F235E /* YearProgressPreviewTileView.swift */; };
		C8E9906D2751E6686671E915 /* SwipeToDeleteRow.swift in Sources */ = {isa = PBXBuildFile; fileRef = 0493E37994CC47C1A1B06F9E /* SwipeToDeleteRow.swift */; };
		CABF8AADD960943BF1DB7515 /* WeeklySummary.swift in Sources */ = {isa = PBXBuildFile; fileRef = 53C845CBEBF7CE1B4C56DA7D /* WeeklySummary.swift */; };
		D13DDE23413098001F7D4AF9 /* NotificationScheduler.swift in Sources */ = {isa = PBXBuildFile; fileRef = 7BBBAD80761C36D016B64101 /* NotificationScheduler.swift */; };
		D2CD1F886B5B459B9E9C0E96 /* TenXStore.swift in Sources */ = {isa = PBXBuildFile; fileRef = 4BFC69E789D1CD18E3D9A477 /* TenXStore.swift */; };
		D3528F6838FC9FE67F4BD10E /* AppRouter.swift in Sources */ = {isa = PBXBuildFile; fileRef = 04580BDDF026D8EECA933EFC /* AppRouter.swift */; };
		D6906D6C76F11F4394049D19 /* WelcomeView.swift in Sources */ = {isa = PBXBuildFile; fileRef = F5379B2BB1D1EA70747A92F6 /* WelcomeView.swift */; };
		D7C58022DA8D714E1EB90844 /* DiagnosticsView.swift in Sources */ = {isa = PBXBuildFile; fileRef = 84386E4061182647509A34F7 /* DiagnosticsView.swift */; };
		D8000794EE45D455D6D43E88 /* WeeklyProgressGridView.swift in Sources */ = {isa = PBXBuildFile; fileRef = 8BEF7FBD9619E8B7627ECEEB /* WeeklyProgressGridView.swift */; };
		DAE7691B34686E71FC2DC922 /* HomeWidgetView.swift in Sources */ = {isa = PBXBuildFile; fileRef = 9E50683C9D834BB93CC3EAD9 /* HomeWidgetView.swift */; };
		DCDBE73BD7056654EDDF6C48 /* WidgetSnapshotService.swift in Sources */ = {isa = PBXBuildFile; fileRef = 6F14441AFF71AD292BF76C82 /* WidgetSnapshotService.swift */; };
		DE8ACA66C7889538C54BC466 /* FocusDragPreviewRow.swift in Sources */ = {isa = PBXBuildFile; fileRef = B524172A34D50A5E16551962 /* FocusDragPreviewRow.swift */; };
		E659799B543E43325E5E43F4 /* NewFocusRow.swift in Sources */ = {isa = PBXBuildFile; fileRef = B6A114B542B58F051FAC288F /* NewFocusRow.swift */; };
		EA7BB5A29BA1CF7E5C252A05 /* ProgressRing.swift in Sources */ = {isa = PBXBuildFile; fileRef = 9ED091913D6DBCB8F0E2697B /* ProgressRing.swift */; };
		EBC8F12A37240FE5081E2523 /* SignificantTimeChangeListener.swift in Sources */ = {isa = PBXBuildFile; fileRef = 9BAC83F5724C6339A712BD95 /* SignificantTimeChangeListener.swift */; };
		EC2C5A9982531AF8BBAC7789 /* StreakShareCardView.swift in Sources */ = {isa = PBXBuildFile; fileRef = 803E436DCDD8D1A953BD8984 /* StreakShareCardView.swift */; };
		EDA702254D53DC022D6EEC7B /* ProgressRing.swift in Sources */ = {isa = PBXBuildFile; fileRef = C25BCF57CCFD635A872F7E71 /* ProgressRing.swift */; };
		F0C480A6AECE92085A36B938 /* TenXWidgets.swift in Sources */ = {isa = PBXBuildFile; fileRef = 5E97FF760C25F89EF45F5D15 /* TenXWidgets.swift */; };
		F0CC5E93A754105400330B29 /* DailySetupView.swift in Sources */ = {isa = PBXBuildFile; fileRef = 9BDC76E7A57AF8EB8BB8EA76 /* DailySetupView.swift */; };
		F398032325DE17B69B90ABBE /* YearProgressCalculator.swift in Sources */ = {isa = PBXBuildFile; fileRef = FFB12817787F84689DB58DA6 /* YearProgressCalculator.swift */; };
		FB1D4B842BF1D74C5802BB77 /* YearProgressShareCardView.swift in Sources */ = {isa = PBXBuildFile; fileRef = 7257BDE8756551186073B573 /* YearProgressShareCardView.swift */; };
		FC80F66562052CB386E12B82 /* UserDefaultsKeys.swift in Sources */ = {isa = PBXBuildFile; fileRef = A16C92806FE2659B574B0057 /* UserDefaultsKeys.swift */; };
		FD77E939877143E221E4B962 /* DailyFocus.swift in Sources */ = {isa = PBXBuildFile; fileRef = 3F373D31230C91E3FE326BAB /* DailyFocus.swift */; };
/* End PBXBuildFile section */

/* Begin PBXContainerItemProxy section */
		24B9756E0E72C15248EFA913 /* PBXContainerItemProxy */ = {
			isa = PBXContainerItemProxy;
			containerPortal = 7F43CB6749361FC73C18FC1B /* Project object */;
			proxyType = 1;
			remoteGlobalIDString = 4F1762BF4154863C139BD26E;
			remoteInfo = TenXWidgets;
		};
		AC0E3BDECF77C69EC77C92B4 /* PBXContainerItemProxy */ = {
			isa = PBXContainerItemProxy;
			containerPortal = 7F43CB6749361FC73C18FC1B /* Project object */;
			proxyType = 1;
			remoteGlobalIDString = 9AA6A14B822845154F52A982;
			remoteInfo = TenX;
		};
		AE52230477E5D712AAC99B78 /* PBXContainerItemProxy */ = {
			isa = PBXContainerItemProxy;
			containerPortal = 7F43CB6749361FC73C18FC1B /* Project object */;
			proxyType = 1;
			remoteGlobalIDString = 9AA6A14B822845154F52A982;
			remoteInfo = TenX;
		};
/* End PBXContainerItemProxy section */

/* Begin PBXCopyFilesBuildPhase section */
		B1C36A13C63E069C4B285799 /* Embed Foundation Extensions */ = {
			isa = PBXCopyFilesBuildPhase;
			buildActionMask = 2147483647;
			dstPath = "";
			dstSubfolderSpec = 13;
			files = (
				521752C7AC39D17FF7EF99D7 /* TenXWidgets.appex in Embed Foundation Extensions */,
			);
			name = "Embed Foundation Extensions";
			runOnlyForDeploymentPostprocessing = 0;
		};
/* End PBXCopyFilesBuildPhase section */

/* Begin PBXFileReference section */
		0276AF22821B9093A9B69D24 /* RootView.swift */ = {isa = PBXFileReference; lastKnownFileType = sourcecode.swift; path = RootView.swift; sourceTree = "<group>"; };
		03E4DB0F82EC4A1FFE0BA04C /* Info.plist */ = {isa = PBXFileReference; lastKnownFileType = text.plist; path = Info.plist; sourceTree = "<group>"; };
		04580BDDF026D8EECA933EFC /* AppRouter.swift */ = {isa = PBXFileReference; lastKnownFileType = sourcecode.swift; path = AppRouter.swift; sourceTree = "<group>"; };
		0493E37994CC47C1A1B06F9E /* SwipeToDeleteRow.swift */ = {isa = PBXFileReference; lastKnownFileType = sourcecode.swift; path = SwipeToDeleteRow.swift; sourceTree = "<group>"; };
		05F90EEA77E27FCB73AEF893 /* NotificationCopy.swift */ = {isa = PBXFileReference; lastKnownFileType = sourcecode.swift; path = NotificationCopy.swift; sourceTree = "<group>"; };
		07651AC26DC05DB29A066184 /* TenXTests.xctest */ = {isa = PBXFileReference; includeInIndex = 0; lastKnownFileType = wrapper.cfbundle; path = TenXTests.xctest; sourceTree = BUILT_PRODUCTS_DIR; };
		0B895D9310069DF0C46E661D /* Info.plist */ = {isa = PBXFileReference; lastKnownFileType = text.plist; path = Info.plist; sourceTree = "<group>"; };
		0C95B4D07CD03014B0D3FA31 /* OnboardingCarouselView.swift */ = {isa = PBXFileReference; lastKnownFileType = sourcecode.swift; path = OnboardingCarouselView.swift; sourceTree = "<group>"; };
		0E718A6BE3F4B249B394CF63 /* SnapshotTimelineProvider.swift */ = {isa = PBXFileReference; lastKnownFileType = sourcecode.swift; path = SnapshotTimelineProvider.swift; sourceTree = "<group>"; };
		1078B87C31BE966CDD1B0658 /* DayFocusDetailView.swift */ = {isa = PBXFileReference; lastKnownFileType = sourcecode.swift; path = DayFocusDetailView.swift; sourceTree = "<group>"; };
		137A0A34F9331C76FD8F49C1 /* FocusStatus.swift */ = {isa = PBXFileReference; lastKnownFileType = sourcecode.swift; path = FocusStatus.swift; sourceTree = "<group>"; };
		1664BE6DB35E7EADF4EA4A07 /* HomeViewModel.swift */ = {isa = PBXFileReference; lastKnownFileType = sourcecode.swift; path = HomeViewModel.swift; sourceTree = "<group>"; };
		16F288787EDEBA564B4EEDB3 /* ThemeController.swift */ = {isa = PBXFileReference; lastKnownFileType = sourcecode.swift; path = ThemeController.swift; sourceTree = "<group>"; };
		1AA27161AD0848A5BD034279 /* DayKey.swift */ = {isa = PBXFileReference; lastKnownFileType = sourcecode.swift; path = DayKey.swift; sourceTree = "<group>"; };
		1AC10958AC7DECE43483AB11 /* FocusDrafts.swift */ = {isa = PBXFileReference; lastKnownFileType = sourcecode.swift; path = FocusDrafts.swift; sourceTree = "<group>"; };
		1C5380F616C2372079EC0FB7 /* Shared */ = {isa = PBXFileReference; lastKnownFileType = folder; name = Shared; path = Shared; sourceTree = SOURCE_ROOT; };
		1FCDF62C74291A4B39FE7754 /* FocusReorderDropDelegate.swift */ = {isa = PBXFileReference; lastKnownFileType = sourcecode.swift; path = FocusReorderDropDelegate.swift; sourceTree = "<group>"; };
		202A4F9F5292213D738F06F4 /* DayKeyTests.swift */ = {isa = PBXFileReference; lastKnownFileType = sourcecode.swift; path = DayKeyTests.swift; sourceTree = "<group>"; };
		2184FDBAF6F88BFF80FFEF12 /* TenX.app */ = {isa = PBXFileReference; includeInIndex = 0; lastKnownFileType = wrapper.application; path = TenX.app; sourceTree = BUILT_PRODUCTS_DIR; };
		236CB66E5CEE6520EBC5D764 /* TenXStoreTests.swift */ = {isa = PBXFileReference; lastKnownFileType = sourcecode.swift; path = TenXStoreTests.swift; sourceTree = "<group>"; };
		25A03811729F4C0D225D9AB7 /* FocusStatusCardView.swift */ = {isa = PBXFileReference; lastKnownFileType = sourcecode.swift; path = FocusStatusCardView.swift; sourceTree = "<group>"; };
		26F10FD6CCF4272BFD1B1ADE /* AppConstants.swift */ = {isa = PBXFileReference; lastKnownFileType = sourcecode.swift; path = AppConstants.swift; sourceTree = "<group>"; };
		27A5218DB11B4AEAE02DECE9 /* StreakEngineTests.swift */ = {isa = PBXFileReference; lastKnownFileType = sourcecode.swift; path = StreakEngineTests.swift; sourceTree = "<group>"; };
		28751FEEA15DAD05F5ADDF32 /* YearProgressView.swift */ = {isa = PBXFileReference; lastKnownFileType = sourcecode.swift; path = YearProgressView.swift; sourceTree = "<group>"; };
		297C42A92646C47C6ACBD23A /* ModelContainerFactory.swift */ = {isa = PBXFileReference; lastKnownFileType = sourcecode.swift; path = ModelContainerFactory.swift; sourceTree = "<group>"; };
		2CE6A52A29A3442710F28314 /* FocusInlineEditRow.swift */ = {isa = PBXFileReference; lastKnownFileType = sourcecode.swift; path = FocusInlineEditRow.swift; sourceTree = "<group>"; };
		30256E82C2DD56A612FB96A5 /* AppState.swift */ = {isa = PBXFileReference; lastKnownFileType = sourcecode.swift; path = AppState.swift; sourceTree = "<group>"; };
		3E091D9143FD68EBA9049E01 /* YearProgressViewModel.swift */ = {isa = PBXFileReference; lastKnownFileType = sourcecode.swift; path = YearProgressViewModel.swift; sourceTree = "<group>"; };
		3ECF09A08EA21B50442D89BA /* UIKitAppearance.swift */ = {isa = PBXFileReference; lastKnownFileType = sourcecode.swift; path = UIKitAppearance.swift; sourceTree = "<group>"; };
		3F373D31230C91E3FE326BAB /* DailyFocus.swift */ = {isa = PBXFileReference; lastKnownFileType = sourcecode.swift; path = DailyFocus.swift; sourceTree = "<group>"; };
		44839E70627ADA9E33D1D65C /* View+GlassEffect.swift */ = {isa = PBXFileReference; lastKnownFileType = sourcecode.swift; path = "View+GlassEffect.swift"; sourceTree = "<group>"; };
		44BA69D02DD8B89E9B91FEF6 /* AppColors.swift */ = {isa = PBXFileReference; lastKnownFileType = sourcecode.swift; path = AppColors.swift; sourceTree = "<group>"; };
		46F5FDA1E996CC20FA7F7AB6 /* NotificationTimePickerView.swift */ = {isa = PBXFileReference; lastKnownFileType = sourcecode.swift; path = NotificationTimePickerView.swift; sourceTree = "<group>"; };
		490DCB3391BFF36DB308908A /* ShareItem.swift */ = {isa = PBXFileReference; lastKnownFileType = sourcecode.swift; path = ShareItem.swift; sourceTree = "<group>"; };
		4B51363006461E242A1FF667 /* NotificationPreferences.swift */ = {isa = PBXFileReference; lastKnownFileType = sourcecode.swift; path = NotificationPreferences.swift; sourceTree = "<group>"; };
		4BFC69E789D1CD18E3D9A477 /* TenXStore.swift */ = {isa = PBXFileReference; lastKnownFileType = sourcecode.swift; path = TenXStore.swift; sourceTree = "<group>"; };
		4E64DCF54BDFEA24B8483822 /* AppGroup.swift */ = {isa = PBXFileReference; lastKnownFileType = sourcecode.swift; path = AppGroup.swift; sourceTree = "<group>"; };
		53C845CBEBF7CE1B4C56DA7D /* WeeklySummary.swift */ = {isa = PBXFileReference; lastKnownFileType = sourcecode.swift; path = WeeklySummary.swift; sourceTree = "<group>"; };
		56E086F20E38749B31F81530 /* HomeFocusDraftsViewModel.swift */ = {isa = PBXFileReference; lastKnownFileType = sourcecode.swift; path = HomeFocusDraftsViewModel.swift; sourceTree = "<group>"; };
		5A197A1ED012336720E95C9E /* HomeView.swift */ = {isa = PBXFileReference; lastKnownFileType = sourcecode.swift; path = HomeView.swift; sourceTree = "<group>"; };
		5AD8916417AD65D8458C917E /* YearProgressPalette.swift */ = {isa = PBXFileReference; lastKnownFileType = sourcecode.swift; path = YearProgressPalette.swift; sourceTree = "<group>"; };
		5DA7D711994B8BE6E5899F48 /* Color+Theme.swift */ = {isa = PBXFileReference; lastKnownFileType = sourcecode.swift; path = "Color+Theme.swift"; sourceTree = "<group>"; };
		5E97FF760C25F89EF45F5D15 /* TenXWidgets.swift */ = {isa = PBXFileReference; lastKnownFileType = sourcecode.swift; path = TenXWidgets.swift; sourceTree = "<group>"; };
		6F14441AFF71AD292BF76C82 /* WidgetSnapshotService.swift */ = {isa = PBXFileReference; lastKnownFileType = sourcecode.swift; path = WidgetSnapshotService.swift; sourceTree = "<group>"; };
		7023406A76DE54CB3E7F235E /* YearProgressPreviewTileView.swift */ = {isa = PBXFileReference; lastKnownFileType = sourcecode.swift; path = YearProgressPreviewTileView.swift; sourceTree = "<group>"; };
		708DD174FC806075C63C70F7 /* FocusTag.swift */ = {isa = PBXFileReference; lastKnownFileType = sourcecode.swift; path = FocusTag.swift; sourceTree = "<group>"; };
		7184B408622476752E69E770 /* Assets.xcassets */ = {isa = PBXFileReference; lastKnownFileType = folder.assetcatalog; path = Assets.xcassets; sourceTree = "<group>"; };
		7257BDE8756551186073B573 /* YearProgressShareCardView.swift */ = {isa = PBXFileReference; lastKnownFileType = sourcecode.swift; path = YearProgressShareCardView.swift; sourceTree = "<group>"; };
		7BBBAD80761C36D016B64101 /* NotificationScheduler.swift */ = {isa = PBXFileReference; lastKnownFileType = sourcecode.swift; path = NotificationScheduler.swift; sourceTree = "<group>"; };
		7C159ABFF5DDDC897144D0DB /* FocusTagPickerView.swift */ = {isa = PBXFileReference; lastKnownFileType = sourcecode.swift; path = FocusTagPickerView.swift; sourceTree = "<group>"; };
		7CECB023EAAC5DF263710E50 /* View+Theme.swift */ = {isa = PBXFileReference; lastKnownFileType = sourcecode.swift; path = "View+Theme.swift"; sourceTree = "<group>"; };
		7E7F8FD56494C087B74E389E /* DateFormatters.swift */ = {isa = PBXFileReference; lastKnownFileType = sourcecode.swift; path = DateFormatters.swift; sourceTree = "<group>"; };
		803E436DCDD8D1A953BD8984 /* StreakShareCardView.swift */ = {isa = PBXFileReference; lastKnownFileType = sourcecode.swift; path = StreakShareCardView.swift; sourceTree = "<group>"; };
		81D1A6D7805D56D46CC0F0F2 /* HomeShellView.swift */ = {isa = PBXFileReference; lastKnownFileType = sourcecode.swift; path = HomeShellView.swift; sourceTree = "<group>"; };
		83E7D157B3BE2C024B2BBA75 /* FocusChecklistRow.swift */ = {isa = PBXFileReference; lastKnownFileType = sourcecode.swift; path = FocusChecklistRow.swift; sourceTree = "<group>"; };
		84386E4061182647509A34F7 /* DiagnosticsView.swift */ = {isa = PBXFileReference; lastKnownFileType = sourcecode.swift; path = DiagnosticsView.swift; sourceTree = "<group>"; };
		8ADBB6B2A591870B45A58AD0 /* HomeView+Actions.swift */ = {isa = PBXFileReference; lastKnownFileType = sourcecode.swift; path = "HomeView+Actions.swift"; sourceTree = "<group>"; };
		8BEF7FBD9619E8B7627ECEEB /* WeeklyProgressGridView.swift */ = {isa = PBXFileReference; lastKnownFileType = sourcecode.swift; path = WeeklyProgressGridView.swift; sourceTree = "<group>"; };
		981B68592835FBD31E1B21A5 /* SettingsSheetView.swift */ = {isa = PBXFileReference; lastKnownFileType = sourcecode.swift; path = SettingsSheetView.swift; sourceTree = "<group>"; };
		98E7758DABC2046933731E1C /* ShareSheet.swift */ = {isa = PBXFileReference; lastKnownFileType = sourcecode.swift; path = ShareSheet.swift; sourceTree = "<group>"; };
		990D2718E4798B9875A4E1BD /* LaunchTests.swift */ = {isa = PBXFileReference; lastKnownFileType = sourcecode.swift; path = LaunchTests.swift; sourceTree = "<group>"; };
		9BAC83F5724C6339A712BD95 /* SignificantTimeChangeListener.swift */ = {isa = PBXFileReference; lastKnownFileType = sourcecode.swift; path = SignificantTimeChangeListener.swift; sourceTree = "<group>"; };
		9BDC76E7A57AF8EB8BB8EA76 /* DailySetupView.swift */ = {isa = PBXFileReference; lastKnownFileType = sourcecode.swift; path = DailySetupView.swift; sourceTree = "<group>"; };
		9C58825A22690BF693906CCD /* StreakEngine.swift */ = {isa = PBXFileReference; lastKnownFileType = sourcecode.swift; path = StreakEngine.swift; sourceTree = "<group>"; };
		9E50683C9D834BB93CC3EAD9 /* HomeWidgetView.swift */ = {isa = PBXFileReference; lastKnownFileType = sourcecode.swift; path = HomeWidgetView.swift; sourceTree = "<group>"; };
		9ED091913D6DBCB8F0E2697B /* ProgressRing.swift */ = {isa = PBXFileReference; lastKnownFileType = sourcecode.swift; path = ProgressRing.swift; sourceTree = "<group>"; };
		A04956A1B79843FE344CDC10 /* ThemedRootView.swift */ = {isa = PBXFileReference; lastKnownFileType = sourcecode.swift; path = ThemedRootView.swift; sourceTree = "<group>"; };
		A16C92806FE2659B574B0057 /* UserDefaultsKeys.swift */ = {isa = PBXFileReference; lastKnownFileType = sourcecode.swift; path = UserDefaultsKeys.swift; sourceTree = "<group>"; };
		A4BB3AD633CF6A4467EF207D /* TenXApp.swift */ = {isa = PBXFileReference; lastKnownFileType = sourcecode.swift; path = TenXApp.swift; sourceTree = "<group>"; };
		AE7A87A390435ECA61211529 /* PrimaryButtonStyle.swift */ = {isa = PBXFileReference; lastKnownFileType = sourcecode.swift; path = PrimaryButtonStyle.swift; sourceTree = "<group>"; };
		B3E1D974669AF89C03FEE247 /* AppearanceMode.swift */ = {isa = PBXFileReference; lastKnownFileType = sourcecode.swift; path = AppearanceMode.swift; sourceTree = "<group>"; };
		B524172A34D50A5E16551962 /* FocusDragPreviewRow.swift */ = {isa = PBXFileReference; lastKnownFileType = sourcecode.swift; path = FocusDragPreviewRow.swift; sourceTree = "<group>"; };
		B6A114B542B58F051FAC288F /* NewFocusRow.swift */ = {isa = PBXFileReference; lastKnownFileType = sourcecode.swift; path = NewFocusRow.swift; sourceTree = "<group>"; };
		BAF4A5DE129C0DA84C9FE5C6 /* TenXWidgets.appex */ = {isa = PBXFileReference; includeInIndex = 0; lastKnownFileType = "wrapper.app-extension"; path = TenXWidgets.appex; sourceTree = BUILT_PRODUCTS_DIR; };
		BFA1E7B634B0F9DFD698A929 /* DayEntry.swift */ = {isa = PBXFileReference; lastKnownFileType = sourcecode.swift; path = DayEntry.swift; sourceTree = "<group>"; };
		C25BCF57CCFD635A872F7E71 /* ProgressRing.swift */ = {isa = PBXFileReference; lastKnownFileType = sourcecode.swift; path = ProgressRing.swift; sourceTree = "<group>"; };
		D14D1C3E251F3E976370B01F /* Haptics.swift */ = {isa = PBXFileReference; lastKnownFileType = sourcecode.swift; path = Haptics.swift; sourceTree = "<group>"; };
		D3E4EC2B436728AAEF780FB4 /* TenXWidgets.entitlements */ = {isa = PBXFileReference; lastKnownFileType = text.plist.entitlements; path = TenXWidgets.entitlements; sourceTree = "<group>"; };
		D4FBDA6DE7BCCCE80C1D0007 /* WeeklyProgressDay.swift */ = {isa = PBXFileReference; lastKnownFileType = sourcecode.swift; path = WeeklyProgressDay.swift; sourceTree = "<group>"; };
		DCFCC743D503723BB68C5E80 /* TestContainerFactory.swift */ = {isa = PBXFileReference; lastKnownFileType = sourcecode.swift; path = TestContainerFactory.swift; sourceTree = "<group>"; };
		E12A8CBDD3FDA35BA08E5BF5 /* WidgetTypography.swift */ = {isa = PBXFileReference; lastKnownFileType = sourcecode.swift; path = WidgetTypography.swift; sourceTree = "<group>"; };
		E390C9D25A7C80753339EE0E /* YearProgressGridLayout.swift */ = {isa = PBXFileReference; lastKnownFileType = sourcecode.swift; path = YearProgressGridLayout.swift; sourceTree = "<group>"; };
		E413908A98A84837AF1265B1 /* Font+TenX.swift */ = {isa = PBXFileReference; lastKnownFileType = sourcecode.swift; path = "Font+TenX.swift"; sourceTree = "<group>"; };
		E912764EE7833587BDFFC948 /* FocusCardButtonStyle.swift */ = {isa = PBXFileReference; lastKnownFileType = sourcecode.swift; path = FocusCardButtonStyle.swift; sourceTree = "<group>"; };
		EA7B3DEFAFDA8B71377ABD04 /* LockWidgetView.swift */ = {isa = PBXFileReference; lastKnownFileType = sourcecode.swift; path = LockWidgetView.swift; sourceTree = "<group>"; };
		EAA7CFBE82A90B8B372C3410 /* SmallHomeWidgetView.swift */ = {isa = PBXFileReference; lastKnownFileType = sourcecode.swift; path = SmallHomeWidgetView.swift; sourceTree = "<group>"; };
		EAE620A7161AE8EB3D572557 /* OnboardingContainerView.swift */ = {isa = PBXFileReference; lastKnownFileType = sourcecode.swift; path = OnboardingContainerView.swift; sourceTree = "<group>"; };
		EC9DF5A3E793AEAF0581E062 /* TenX.entitlements */ = {isa = PBXFileReference; lastKnownFileType = text.plist.entitlements; path = TenX.entitlements; sourceTree = "<group>"; };
		F05036377D56E3E68CAB463C /* TenXUITests.xctest */ = {isa = PBXFileReference; includeInIndex = 0; lastKnownFileType = wrapper.cfbundle; path = TenXUITests.xctest; sourceTree = BUILT_PRODUCTS_DIR; };
		F1AFA79C4EF9E55F564734C6 /* SettingsViewModel.swift */ = {isa = PBXFileReference; lastKnownFileType = sourcecode.swift; path = SettingsViewModel.swift; sourceTree = "<group>"; };
		F2D7CC8CFB5DCAE3AABFB857 /* DailySetupViewModel.swift */ = {isa = PBXFileReference; lastKnownFileType = sourcecode.swift; path = DailySetupViewModel.swift; sourceTree = "<group>"; };
		F5379B2BB1D1EA70747A92F6 /* WelcomeView.swift */ = {isa = PBXFileReference; lastKnownFileType = sourcecode.swift; path = WelcomeView.swift; sourceTree = "<group>"; };
		F9D2263C6E158C710703930B /* FocusInputRow.swift */ = {isa = PBXFileReference; lastKnownFileType = sourcecode.swift; path = FocusInputRow.swift; sourceTree = "<group>"; };
		FFB12817787F84689DB58DA6 /* YearProgressCalculator.swift */ = {isa = PBXFileReference; lastKnownFileType = sourcecode.swift; path = YearProgressCalculator.swift; sourceTree = "<group>"; };
/* End PBXFileReference section */

/* Begin PBXFrameworksBuildPhase section */
		4135104EA20B832A40FF8BD1 /* Frameworks */ = {
			isa = PBXFrameworksBuildPhase;
			buildActionMask = 2147483647;
			files = (
				297B5033539813EE52B262F7 /* TenXShared in Frameworks */,
			);
			runOnlyForDeploymentPostprocessing = 0;
		};
		A41411AC44E7ED2586C3B84E /* Frameworks */ = {
			isa = PBXFrameworksBuildPhase;
			buildActionMask = 2147483647;
			files = (
				48C8A344C6FE8FEA661AE5C0 /* TenXShared in Frameworks */,
			);
			runOnlyForDeploymentPostprocessing = 0;
		};
/* End PBXFrameworksBuildPhase section */

/* Begin PBXGroup section */
		0E7BEEC83F2725DC83F56448 /* Utilities */ = {
			isa = PBXGroup;
			children = (
				B3E1D974669AF89C03FEE247 /* AppearanceMode.swift */,
				4E64DCF54BDFEA24B8483822 /* AppGroup.swift */,
				7E7F8FD56494C087B74E389E /* DateFormatters.swift */,
				1AC10958AC7DECE43483AB11 /* FocusDrafts.swift */,
				05F90EEA77E27FCB73AEF893 /* NotificationCopy.swift */,
				4B51363006461E242A1FF667 /* NotificationPreferences.swift */,
				A16C92806FE2659B574B0057 /* UserDefaultsKeys.swift */,
			);
			path = Utilities;
			sourceTree = "<group>";
		};
		0F7829C6D5CA59609858B102 /* YearProgress */ = {
			isa = PBXGroup;
			children = (
				E390C9D25A7C80753339EE0E /* YearProgressGridLayout.swift */,
				5AD8916417AD65D8458C917E /* YearProgressPalette.swift */,
				28751FEEA15DAD05F5ADDF32 /* YearProgressView.swift */,
				3E091D9143FD68EBA9049E01 /* YearProgressViewModel.swift */,
			);
			path = YearProgress;
			sourceTree = "<group>";
		};
		3F5B51E9A5029136D513DEB3 /* Features */ = {
			isa = PBXGroup;
			children = (
				874387313684425D27C1FA48 /* DailySetup */,
				A2287003E003AB5DAB9FF693 /* Home */,
				BAAE3D4CD58B23E3273AD227 /* Onboarding */,
				AFD0F9317039B7C5A29069DA /* Settings */,
				8B0BE101B80F477DEC86E80D /* Sharing */,
				0F7829C6D5CA59609858B102 /* YearProgress */,
			);
			path = Features;
			sourceTree = "<group>";
		};
		4ABEBB2AB0645DB50F8535DF /* Products */ = {
			isa = PBXGroup;
			children = (
				2184FDBAF6F88BFF80FFEF12 /* TenX.app */,
				07651AC26DC05DB29A066184 /* TenXTests.xctest */,
				F05036377D56E3E68CAB463C /* TenXUITests.xctest */,
				BAF4A5DE129C0DA84C9FE5C6 /* TenXWidgets.appex */,
			);
			name = Products;
			sourceTree = "<group>";
		};
		4F301B7E2FA30927205A44F2 /* UI */ = {
			isa = PBXGroup;
			children = (
				B5612818205A066BC96D383D /* Components */,
				9A2D938E62B9EE1246CE7641 /* Theme */,
			);
			path = UI;
			sourceTree = "<group>";
		};
		60D61E55FAD3EB775DBCB76B /* Helpers */ = {
			isa = PBXGroup;
			children = (
				DCFCC743D503723BB68C5E80 /* TestContainerFactory.swift */,
			);
			path = Helpers;
			sourceTree = "<group>";
		};
		81C2770FA4A97E57ED1471C6 /* Services */ = {
			isa = PBXGroup;
			children = (
				1AA27161AD0848A5BD034279 /* DayKey.swift */,
				D14D1C3E251F3E976370B01F /* Haptics.swift */,
				7BBBAD80761C36D016B64101 /* NotificationScheduler.swift */,
				9BAC83F5724C6339A712BD95 /* SignificantTimeChangeListener.swift */,
				9C58825A22690BF693906CCD /* StreakEngine.swift */,
				6F14441AFF71AD292BF76C82 /* WidgetSnapshotService.swift */,
				FFB12817787F84689DB58DA6 /* YearProgressCalculator.swift */,
			);
			path = Services;
			sourceTree = "<group>";
		};
		81F823A3A55AE6C42939B899 /* App */ = {
			isa = PBXGroup;
			children = (
				04580BDDF026D8EECA933EFC /* AppRouter.swift */,
				30256E82C2DD56A612FB96A5 /* AppState.swift */,
				81D1A6D7805D56D46CC0F0F2 /* HomeShellView.swift */,
				0276AF22821B9093A9B69D24 /* RootView.swift */,
				A4BB3AD633CF6A4467EF207D /* TenXApp.swift */,
			);
			path = App;
			sourceTree = "<group>";
		};
		874387313684425D27C1FA48 /* DailySetup */ = {
			isa = PBXGroup;
			children = (
				9BDC76E7A57AF8EB8BB8EA76 /* DailySetupView.swift */,
				F2D7CC8CFB5DCAE3AABFB857 /* DailySetupViewModel.swift */,
				F9D2263C6E158C710703930B /* FocusInputRow.swift */,
			);
			path = DailySetup;
			sourceTree = "<group>";
		};
		8B0BE101B80F477DEC86E80D /* Sharing */ = {
			isa = PBXGroup;
			children = (
				490DCB3391BFF36DB308908A /* ShareItem.swift */,
				803E436DCDD8D1A953BD8984 /* StreakShareCardView.swift */,
				7257BDE8756551186073B573 /* YearProgressShareCardView.swift */,
			);
			path = Sharing;
			sourceTree = "<group>";
		};
		932ABC22D80793DC8D36E53C /* Models */ = {
			isa = PBXGroup;
			children = (
				26F10FD6CCF4272BFD1B1ADE /* AppConstants.swift */,
				3F373D31230C91E3FE326BAB /* DailyFocus.swift */,
				BFA1E7B634B0F9DFD698A929 /* DayEntry.swift */,
				708DD174FC806075C63C70F7 /* FocusTag.swift */,
			);
			path = Models;
			sourceTree = "<group>";
		};
		981677D6DCEE0F7366460EB9 /* Persistence */ = {
			isa = PBXGroup;
			children = (
				297C42A92646C47C6ACBD23A /* ModelContainerFactory.swift */,
				4BFC69E789D1CD18E3D9A477 /* TenXStore.swift */,
			);
			path = Persistence;
			sourceTree = "<group>";
		};
		9A2D938E62B9EE1246CE7641 /* Theme */ = {
			isa = PBXGroup;
			children = (
				44BA69D02DD8B89E9B91FEF6 /* AppColors.swift */,
				5DA7D711994B8BE6E5899F48 /* Color+Theme.swift */,
				E413908A98A84837AF1265B1 /* Font+TenX.swift */,
				16F288787EDEBA564B4EEDB3 /* ThemeController.swift */,
				A04956A1B79843FE344CDC10 /* ThemedRootView.swift */,
				3ECF09A08EA21B50442D89BA /* UIKitAppearance.swift */,
				44839E70627ADA9E33D1D65C /* View+GlassEffect.swift */,
				7CECB023EAAC5DF263710E50 /* View+Theme.swift */,
			);
			path = Theme;
			sourceTree = "<group>";
		};
		9C98C1B93D550B35A403C573 /* Providers */ = {
			isa = PBXGroup;
			children = (
				0E718A6BE3F4B249B394CF63 /* SnapshotTimelineProvider.swift */,
			);
			path = Providers;
			sourceTree = "<group>";
		};
		9FB4D3544515DF23B7B778D0 /* Views */ = {
			isa = PBXGroup;
			children = (
				9E50683C9D834BB93CC3EAD9 /* HomeWidgetView.swift */,
				EA7B3DEFAFDA8B71377ABD04 /* LockWidgetView.swift */,
				C25BCF57CCFD635A872F7E71 /* ProgressRing.swift */,
				EAA7CFBE82A90B8B372C3410 /* SmallHomeWidgetView.swift */,
				E12A8CBDD3FDA35BA08E5BF5 /* WidgetTypography.swift */,
			);
			path = Views;
			sourceTree = "<group>";
		};
		A2287003E003AB5DAB9FF693 /* Home */ = {
			isa = PBXGroup;
			children = (
				1078B87C31BE966CDD1B0658 /* DayFocusDetailView.swift */,
				B524172A34D50A5E16551962 /* FocusDragPreviewRow.swift */,
				2CE6A52A29A3442710F28314 /* FocusInlineEditRow.swift */,
				1FCDF62C74291A4B39FE7754 /* FocusReorderDropDelegate.swift */,
				137A0A34F9331C76FD8F49C1 /* FocusStatus.swift */,
				25A03811729F4C0D225D9AB7 /* FocusStatusCardView.swift */,
				56E086F20E38749B31F81530 /* HomeFocusDraftsViewModel.swift */,
				5A197A1ED012336720E95C9E /* HomeView.swift */,
				8ADBB6B2A591870B45A58AD0 /* HomeView+Actions.swift */,
				1664BE6DB35E7EADF4EA4A07 /* HomeViewModel.swift */,
				B6A114B542B58F051FAC288F /* NewFocusRow.swift */,
				0493E37994CC47C1A1B06F9E /* SwipeToDeleteRow.swift */,
				D4FBDA6DE7BCCCE80C1D0007 /* WeeklyProgressDay.swift */,
				8BEF7FBD9619E8B7627ECEEB /* WeeklyProgressGridView.swift */,
				53C845CBEBF7CE1B4C56DA7D /* WeeklySummary.swift */,
				7023406A76DE54CB3E7F235E /* YearProgressPreviewTileView.swift */,
			);
			path = Home;
			sourceTree = "<group>";
		};
		A3CC3153825EAA7F710C2015 /* App */ = {
			isa = PBXGroup;
			children = (
				EC9DF5A3E793AEAF0581E062 /* TenX.entitlements */,
				81F823A3A55AE6C42939B899 /* App */,
				3F5B51E9A5029136D513DEB3 /* Features */,
				932ABC22D80793DC8D36E53C /* Models */,
				981677D6DCEE0F7366460EB9 /* Persistence */,
				F216FE250D669D4ACC3FD224 /* Resources */,
				81C2770FA4A97E57ED1471C6 /* Services */,
				4F301B7E2FA30927205A44F2 /* UI */,
				0E7BEEC83F2725DC83F56448 /* Utilities */,
			);
			path = App;
			sourceTree = "<group>";
		};
		AFD0F9317039B7C5A29069DA /* Settings */ = {
			isa = PBXGroup;
			children = (
				84386E4061182647509A34F7 /* DiagnosticsView.swift */,
				46F5FDA1E996CC20FA7F7AB6 /* NotificationTimePickerView.swift */,
				981B68592835FBD31E1B21A5 /* SettingsSheetView.swift */,
				F1AFA79C4EF9E55F564734C6 /* SettingsViewModel.swift */,
			);
			path = Settings;
			sourceTree = "<group>";
		};
		B5612818205A066BC96D383D /* Components */ = {
			isa = PBXGroup;
			children = (
				E912764EE7833587BDFFC948 /* FocusCardButtonStyle.swift */,
				83E7D157B3BE2C024B2BBA75 /* FocusChecklistRow.swift */,
				7C159ABFF5DDDC897144D0DB /* FocusTagPickerView.swift */,
				AE7A87A390435ECA61211529 /* PrimaryButtonStyle.swift */,
				9ED091913D6DBCB8F0E2697B /* ProgressRing.swift */,
				98E7758DABC2046933731E1C /* ShareSheet.swift */,
			);
			path = Components;
			sourceTree = "<group>";
		};
		BA3109240F6E3FB59EDA4245 = {
			isa = PBXGroup;
			children = (
				A3CC3153825EAA7F710C2015 /* App */,
				E470FA21CCDFC6050649D503 /* Packages */,
				FB93579CD6156C5F16BF5EF1 /* Tests */,
				CBAC2952C47C262CB821CAB8 /* UITests */,
				EC6779D8536C9BDA9D7E35A6 /* Widgets */,
				4ABEBB2AB0645DB50F8535DF /* Products */,
			);
			sourceTree = "<group>";
		};
		BAAE3D4CD58B23E3273AD227 /* Onboarding */ = {
			isa = PBXGroup;
			children = (
				0C95B4D07CD03014B0D3FA31 /* OnboardingCarouselView.swift */,
				EAE620A7161AE8EB3D572557 /* OnboardingContainerView.swift */,
				F5379B2BB1D1EA70747A92F6 /* WelcomeView.swift */,
			);
			path = Onboarding;
			sourceTree = "<group>";
		};
		CBAC2952C47C262CB821CAB8 /* UITests */ = {
			isa = PBXGroup;
			children = (
				990D2718E4798B9875A4E1BD /* LaunchTests.swift */,
			);
			path = UITests;
			sourceTree = "<group>";
		};
		E470FA21CCDFC6050649D503 /* Packages */ = {
			isa = PBXGroup;
			children = (
				1C5380F616C2372079EC0FB7 /* Shared */,
			);
			name = Packages;
			sourceTree = "<group>";
		};
		EC6779D8536C9BDA9D7E35A6 /* Widgets */ = {
			isa = PBXGroup;
			children = (
				0B895D9310069DF0C46E661D /* Info.plist */,
				D3E4EC2B436728AAEF780FB4 /* TenXWidgets.entitlements */,
				5E97FF760C25F89EF45F5D15 /* TenXWidgets.swift */,
				9C98C1B93D550B35A403C573 /* Providers */,
				9FB4D3544515DF23B7B778D0 /* Views */,
			);
			path = Widgets;
			sourceTree = "<group>";
		};
		F216FE250D669D4ACC3FD224 /* Resources */ = {
			isa = PBXGroup;
			children = (
				7184B408622476752E69E770 /* Assets.xcassets */,
				03E4DB0F82EC4A1FFE0BA04C /* Info.plist */,
			);
			path = Resources;
			sourceTree = "<group>";
		};
		FB93579CD6156C5F16BF5EF1 /* Tests */ = {
			isa = PBXGroup;
			children = (
				202A4F9F5292213D738F06F4 /* DayKeyTests.swift */,
				27A5218DB11B4AEAE02DECE9 /* StreakEngineTests.swift */,
				236CB66E5CEE6520EBC5D764 /* TenXStoreTests.swift */,
				60D61E55FAD3EB775DBCB76B /* Helpers */,
			);
			path = Tests;
			sourceTree = "<group>";
		};
/* End PBXGroup section */

/* Begin PBXNativeTarget section */
		33F57D334BAB50FCCD5BEDF0 /* TenXTests */ = {
			isa = PBXNativeTarget;
			buildConfigurationList = 8667849BB6812A6E7B8DB180 /* Build configuration list for PBXNativeTarget "TenXTests" */;
			buildPhases = (
				3C7A1DEA72D5D27C6DCFA396 /* Sources */,
			);
			buildRules = (
			);
			dependencies = (
				023208F95262EB1566D89DFE /* PBXTargetDependency */,
			);
			name = TenXTests;
			packageProductDependencies = (
			);
			productName = TenXTests;
			productReference = 07651AC26DC05DB29A066184 /* TenXTests.xctest */;
			productType = "com.apple.product-type.bundle.unit-test";
		};
		4F1762BF4154863C139BD26E /* TenXWidgets */ = {
			isa = PBXNativeTarget;
			buildConfigurationList = 6A806B9FF0DBEA5643C2EF04 /* Build configuration list for PBXNativeTarget "TenXWidgets" */;
			buildPhases = (
				0E9C160E89F46CA1A2ADE881 /* Sources */,
				A41411AC44E7ED2586C3B84E /* Frameworks */,
			);
			buildRules = (
			);
			dependencies = (
			);
			name = TenXWidgets;
			packageProductDependencies = (
				CA46EFC70D62016D07BE0742 /* TenXShared */,
			);
			productName = TenXWidgets;
			productReference = BAF4A5DE129C0DA84C9FE5C6 /* TenXWidgets.appex */;
			productType = "com.apple.product-type.app-extension";
		};
		9AA6A14B822845154F52A982 /* TenX */ = {
			isa = PBXNativeTarget;
			buildConfigurationList = 2EF9EC1B763ED7C4AD0E0A0E /* Build configuration list for PBXNativeTarget "TenX" */;
			buildPhases = (
				A051A44088E997959EB950CF /* Sources */,
				6D7325CD072BE14307CF5695 /* Resources */,
				4135104EA20B832A40FF8BD1 /* Frameworks */,
				B1C36A13C63E069C4B285799 /* Embed Foundation Extensions */,
			);
			buildRules = (
			);
			dependencies = (
				A58BB448B59A8394E557B5A1 /* PBXTargetDependency */,
			);
			name = TenX;
			packageProductDependencies = (
				71FCB568A50E5A2BB243E6FE /* TenXShared */,
			);
			productName = TenX;
			productReference = 2184FDBAF6F88BFF80FFEF12 /* TenX.app */;
			productType = "com.apple.product-type.application";
		};
		F0F770CB30BC9B1A3654FBFE /* TenXUITests */ = {
			isa = PBXNativeTarget;
			buildConfigurationList = DEEB8964592F72F5A1991A0D /* Build configuration list for PBXNativeTarget "TenXUITests" */;
			buildPhases = (
				302FA913F9506C29A11B2759 /* Sources */,
			);
			buildRules = (
			);
			dependencies = (
				9C373ED0DCDC945F8F29D6D9 /* PBXTargetDependency */,
			);
			name = TenXUITests;
			packageProductDependencies = (
			);
			productName = TenXUITests;
			productReference = F05036377D56E3E68CAB463C /* TenXUITests.xctest */;
			productType = "com.apple.product-type.bundle.ui-testing";
		};
/* End PBXNativeTarget section */

/* Begin PBXProject section */
		7F43CB6749361FC73C18FC1B /* Project object */ = {
			isa = PBXProject;
			attributes = {
				BuildIndependentTargetsInParallel = YES;
				LastUpgradeCheck = 1430;
				TargetAttributes = {
					33F57D334BAB50FCCD5BEDF0 = {
						DevelopmentTeam = P2MBURJVUW;
					};
					4F1762BF4154863C139BD26E = {
						DevelopmentTeam = P2MBURJVUW;
					};
					9AA6A14B822845154F52A982 = {
						DevelopmentTeam = P2MBURJVUW;
					};
					F0F770CB30BC9B1A3654FBFE = {
						DevelopmentTeam = P2MBURJVUW;
						TestTargetID = 9AA6A14B822845154F52A982;
					};
				};
			};
			buildConfigurationList = 3EB01A0CAFBD26A7C786D7B7 /* Build configuration list for PBXProject "TenX" */;
			compatibilityVersion = "Xcode 14.0";
			developmentRegion = en;
			hasScannedForEncodings = 0;
			knownRegions = (
				Base,
				en,
			);
			mainGroup = BA3109240F6E3FB59EDA4245;
			minimizedProjectReferenceProxies = 1;
			packageReferences = (
				F08D9B4D92EAEF811FCD63B6 /* XCLocalSwiftPackageReference "Shared" */,
			);
			preferredProjectObjectVersion = 77;
			projectDirPath = "";
			projectRoot = "";
			targets = (
				9AA6A14B822845154F52A982 /* TenX */,
				33F57D334BAB50FCCD5BEDF0 /* TenXTests */,
				F0F770CB30BC9B1A3654FBFE /* TenXUITests */,
				4F1762BF4154863C139BD26E /* TenXWidgets */,
			);
		};
/* End PBXProject section */

/* Begin PBXResourcesBuildPhase section */
		6D7325CD072BE14307CF5695 /* Resources */ = {
			isa = PBXResourcesBuildPhase;
			buildActionMask = 2147483647;
			files = (
				38C57C8F2C4562E1CABB0742 /* Assets.xcassets in Resources */,
			);
			runOnlyForDeploymentPostprocessing = 0;
		};
/* End PBXResourcesBuildPhase section */

/* Begin PBXSourcesBuildPhase section */
		0E9C160E89F46CA1A2ADE881 /* Sources */ = {
			isa = PBXSourcesBuildPhase;
			buildActionMask = 2147483647;
			files = (
				DAE7691B34686E71FC2DC922 /* HomeWidgetView.swift in Sources */,
				96FE66B2DB21DCEAEEF2E0C9 /* LockWidgetView.swift in Sources */,
				EDA702254D53DC022D6EEC7B /* ProgressRing.swift in Sources */,
				40A01AC47E931B63638F475D /* SmallHomeWidgetView.swift in Sources */,
				8DFCAF94FF2D9B388B55B516 /* SnapshotTimelineProvider.swift in Sources */,
				F0C480A6AECE92085A36B938 /* TenXWidgets.swift in Sources */,
				1F697788B97D01FC3D47A1E3 /* WidgetTypography.swift in Sources */,
			);
			runOnlyForDeploymentPostprocessing = 0;
		};
		302FA913F9506C29A11B2759 /* Sources */ = {
			isa = PBXSourcesBuildPhase;
			buildActionMask = 2147483647;
			files = (
				881E128A78B3F5A5C08CF4E3 /* LaunchTests.swift in Sources */,
			);
			runOnlyForDeploymentPostprocessing = 0;
		};
		3C7A1DEA72D5D27C6DCFA396 /* Sources */ = {
			isa = PBXSourcesBuildPhase;
			buildActionMask = 2147483647;
			files = (
				1E7CAE3BD30803A728731905 /* DayKeyTests.swift in Sources */,
				3ADC3366983661FBCC841439 /* StreakEngineTests.swift in Sources */,
				A4F3B155A28701D87A8BEF17 /* TenXStoreTests.swift in Sources */,
				332DCF5758C5CACAA0C9B1F8 /* TestContainerFactory.swift in Sources */,
			);
			runOnlyForDeploymentPostprocessing = 0;
		};
		A051A44088E997959EB950CF /* Sources */ = {
			isa = PBXSourcesBuildPhase;
			buildActionMask = 2147483647;
			files = (
				BBC141BB2E10DE00283FA6AF /* AppColors.swift in Sources */,
				71301D945F826E65826578D5 /* AppConstants.swift in Sources */,
				0757D5BF3642F38E98CBC390 /* AppGroup.swift in Sources */,
				D3528F6838FC9FE67F4BD10E /* AppRouter.swift in Sources */,
				7C2993986641F7ECEDAA4318 /* AppState.swift in Sources */,
				B1A8757D4F597250F882ED00 /* AppearanceMode.swift in Sources */,
				20F1F632FB1276A783F9B843 /* Color+Theme.swift in Sources */,
				FD77E939877143E221E4B962 /* DailyFocus.swift in Sources */,
				F0CC5E93A754105400330B29 /* DailySetupView.swift in Sources */,
				AEE96A083C7896928C9A8BFD /* DailySetupViewModel.swift in Sources */,
				10B4BEA0B8773EDFC5834C49 /* DateFormatters.swift in Sources */,
				3A6E0C07D9C8EC0712CE06CB /* DayEntry.swift in Sources */,
				971F8BE5623BA7ABCA79D4DC /* DayFocusDetailView.swift in Sources */,
				39CC757426CDF68E4618FE03 /* DayKey.swift in Sources */,
				D7C58022DA8D714E1EB90844 /* DiagnosticsView.swift in Sources */,
				0FE73F5529A8AE5C1D94C7EA /* FocusCardButtonStyle.swift in Sources */,
				3ECA2867051DB6BA2429509A /* FocusChecklistRow.swift in Sources */,
				BB8CAF648237D2E0A5E49113 /* FocusDrafts.swift in Sources */,
				DE8ACA66C7889538C54BC466 /* FocusDragPreviewRow.swift in Sources */,
				139E400B887A842E4B168BAF /* FocusInlineEditRow.swift in Sources */,
				9E0B424031378AE3039421B1 /* FocusInputRow.swift in Sources */,
				90002819563428246A128107 /* FocusReorderDropDelegate.swift in Sources */,
				BA15DF609CFDC232EFCDDBB6 /* FocusStatus.swift in Sources */,
				12D1A1B2585F9DAC7E94DBDD /* FocusStatusCardView.swift in Sources */,
				B7DF000566FC5050B57CDFF7 /* FocusTag.swift in Sources */,
				2932F40C6DAB87691A120ADB /* FocusTagPickerView.swift in Sources */,
				B7B11D462D8250328646F47D /* Font+TenX.swift in Sources */,
				780CAA926474BC64CEA2B894 /* Haptics.swift in Sources */,
				A4ADE892814C901A20E968F4 /* HomeFocusDraftsViewModel.swift in Sources */,
				1B28AFD78D0E2E659092F096 /* HomeShellView.swift in Sources */,
				2BF1379398D6CBE0B6518B9B /* HomeView+Actions.swift in Sources */,
				687C1846A3328212AFE483C4 /* HomeView.swift in Sources */,
				5EE3C769DC90D04361060CB5 /* HomeViewModel.swift in Sources */,
				58E60858273E2F0256FD7C13 /* ModelContainerFactory.swift in Sources */,
				E659799B543E43325E5E43F4 /* NewFocusRow.swift in Sources */,
				05277CFF37A653E7853A4071 /* NotificationCopy.swift in Sources */,
				C4F3972F15E67F6D120B5E1A /* NotificationPreferences.swift in Sources */,
				D13DDE23413098001F7D4AF9 /* NotificationScheduler.swift in Sources */,
				0D8C75BAC2C6CA9833667DA4 /* NotificationTimePickerView.swift in Sources */,
				A1DA7A047A6F68C5525371ED /* OnboardingCarouselView.swift in Sources */,
				724C956231513266F15E63F2 /* OnboardingContainerView.swift in Sources */,
				24DAE9EAF8EF31E2F4204D41 /* PrimaryButtonStyle.swift in Sources */,
				EA7BB5A29BA1CF7E5C252A05 /* ProgressRing.swift in Sources */,
				75900800D0F183C5019940C6 /* RootView.swift in Sources */,
				73AD28B13118BA083EA0C699 /* SettingsSheetView.swift in Sources */,
				B4907BA1205351D4BA2C3E05 /* SettingsViewModel.swift in Sources */,
				9F85651D675BF99531345768 /* ShareItem.swift in Sources */,
				A0EB97CDCF3BC15C23A72667 /* ShareSheet.swift in Sources */,
				EBC8F12A37240FE5081E2523 /* SignificantTimeChangeListener.swift in Sources */,
				796739A9F7554CF233251E79 /* StreakEngine.swift in Sources */,
				EC2C5A9982531AF8BBAC7789 /* StreakShareCardView.swift in Sources */,
				C8E9906D2751E6686671E915 /* SwipeToDeleteRow.swift in Sources */,
				AB06F5E47349BF5B73F1297D /* TenXApp.swift in Sources */,
				D2CD1F886B5B459B9E9C0E96 /* TenXStore.swift in Sources */,
				934A7FD3EEB3174B8D20F9C3 /* ThemeController.swift in Sources */,
				576CF98DCDDC4141244FB31B /* ThemedRootView.swift in Sources */,
				B98935E0A7CCD42221879DD6 /* UIKitAppearance.swift in Sources */,
				FC80F66562052CB386E12B82 /* UserDefaultsKeys.swift in Sources */,
				B076167B08E16206FDA74454 /* View+GlassEffect.swift in Sources */,
				BFDC2E9106EAEFE9F8223094 /* View+Theme.swift in Sources */,
				C50D10DBBC8097D3E38B937A /* WeeklyProgressDay.swift in Sources */,
				D8000794EE45D455D6D43E88 /* WeeklyProgressGridView.swift in Sources */,
				CABF8AADD960943BF1DB7515 /* WeeklySummary.swift in Sources */,
				D6906D6C76F11F4394049D19 /* WelcomeView.swift in Sources */,
				DCDBE73BD7056654EDDF6C48 /* WidgetSnapshotService.swift in Sources */,
				F398032325DE17B69B90ABBE /* YearProgressCalculator.swift in Sources */,
				C344E20770EDCC412BDBDCD6 /* YearProgressGridLayout.swift in Sources */,
				1BD5B7A207F8E17F19B9DCB0 /* YearProgressPalette.swift in Sources */,
				C84D915B596B34A91888E26D /* YearProgressPreviewTileView.swift in Sources */,
				FB1D4B842BF1D74C5802BB77 /* YearProgressShareCardView.swift in Sources */,
				4D17E98B7DA9D92AD164442F /* YearProgressView.swift in Sources */,
				C589006E7FC897634095EF46 /* YearProgressViewModel.swift in Sources */,
			);
			runOnlyForDeploymentPostprocessing = 0;
		};
/* End PBXSourcesBuildPhase section */

/* Begin PBXTargetDependency section */
		023208F95262EB1566D89DFE /* PBXTargetDependency */ = {
			isa = PBXTargetDependency;
			target = 9AA6A14B822845154F52A982 /* TenX */;
			targetProxy = AE52230477E5D712AAC99B78 /* PBXContainerItemProxy */;
		};
		9C373ED0DCDC945F8F29D6D9 /* PBXTargetDependency */ = {
			isa = PBXTargetDependency;
			target = 9AA6A14B822845154F52A982 /* TenX */;
			targetProxy = AC0E3BDECF77C69EC77C92B4 /* PBXContainerItemProxy */;
		};
		A58BB448B59A8394E557B5A1 /* PBXTargetDependency */ = {
			isa = PBXTargetDependency;
			target = 4F1762BF4154863C139BD26E /* TenXWidgets */;
			targetProxy = 24B9756E0E72C15248EFA913 /* PBXContainerItemProxy */;
		};
/* End PBXTargetDependency section */

/* Begin XCBuildConfiguration section */
		260EB6A444A235B7661FEF8D /* Release */ = {
			isa = XCBuildConfiguration;
			buildSettings = {
				ALWAYS_SEARCH_USER_PATHS = NO;
				CLANG_ANALYZER_NONNULL = YES;
				CLANG_ANALYZER_NUMBER_OBJECT_CONVERSION = YES_AGGRESSIVE;
				CLANG_CXX_LANGUAGE_STANDARD = "gnu++14";
				CLANG_CXX_LIBRARY = "libc++";
				CLANG_ENABLE_MODULES = YES;
				CLANG_ENABLE_OBJC_ARC = YES;
				CLANG_ENABLE_OBJC_WEAK = YES;
				CLANG_WARN_BLOCK_CAPTURE_AUTORELEASING = YES;
				CLANG_WARN_BOOL_CONVERSION = YES;
				CLANG_WARN_COMMA = YES;
				CLANG_WARN_CONSTANT_CONVERSION = YES;
				CLANG_WARN_DEPRECATED_OBJC_IMPLEMENTATIONS = YES;
				CLANG_WARN_DIRECT_OBJC_ISA_USAGE = YES_ERROR;
				CLANG_WARN_DOCUMENTATION_COMMENTS = YES;
				CLANG_WARN_EMPTY_BODY = YES;
				CLANG_WARN_ENUM_CONVERSION = YES;
				CLANG_WARN_INFINITE_RECURSION = YES;
				CLANG_WARN_INT_CONVERSION = YES;
				CLANG_WARN_NON_LITERAL_NULL_CONVERSION = YES;
				CLANG_WARN_OBJC_IMPLICIT_RETAIN_SELF = YES;
				CLANG_WARN_OBJC_LITERAL_CONVERSION = YES;
				CLANG_WARN_OBJC_ROOT_CLASS = YES_ERROR;
				CLANG_WARN_QUOTED_INCLUDE_IN_FRAMEWORK_HEADER = YES;
				CLANG_WARN_RANGE_LOOP_ANALYSIS = YES;
				CLANG_WARN_STRICT_PROTOTYPES = YES;
				CLANG_WARN_SUSPICIOUS_MOVE = YES;
				CLANG_WARN_UNGUARDED_AVAILABILITY = YES_AGGRESSIVE;
				CLANG_WARN_UNREACHABLE_CODE = YES;
				CLANG_WARN__DUPLICATE_METHOD_MATCH = YES;
				COPY_PHASE_STRIP = NO;
				DEBUG_INFORMATION_FORMAT = "dwarf-with-dsym";
				DEVELOPMENT_TEAM = P2MBURJVUW;
				ENABLE_NS_ASSERTIONS = NO;
				ENABLE_STRICT_OBJC_MSGSEND = YES;
				GCC_C_LANGUAGE_STANDARD = gnu11;
				GCC_NO_COMMON_BLOCKS = YES;
				GCC_WARN_64_TO_32_BIT_CONVERSION = YES;
				GCC_WARN_ABOUT_RETURN_TYPE = YES_ERROR;
				GCC_WARN_UNDECLARED_SELECTOR = YES;
				GCC_WARN_UNINITIALIZED_AUTOS = YES_AGGRESSIVE;
				GCC_WARN_UNUSED_FUNCTION = YES;
				GCC_WARN_UNUSED_VARIABLE = YES;
				IPHONEOS_DEPLOYMENT_TARGET = 17.0;
				MTL_ENABLE_DEBUG_INFO = NO;
				MTL_FAST_MATH = YES;
				PRODUCT_NAME = "$(TARGET_NAME)";
				SDKROOT = iphoneos;
				SWIFT_COMPILATION_MODE = wholemodule;
				SWIFT_OPTIMIZATION_LEVEL = "-O";
				SWIFT_VERSION = 5.0;
			};
			name = Release;
		};
		2B763753A84E1FBE632689E8 /* Release */ = {
			isa = XCBuildConfiguration;
			buildSettings = {
				BUNDLE_LOADER = "$(TEST_HOST)";
				GENERATE_INFOPLIST_FILE = YES;
				LD_RUNPATH_SEARCH_PATHS = (
					"$(inherited)",
					"@executable_path/Frameworks",
					"@loader_path/Frameworks",
				);
				PRODUCT_BUNDLE_IDENTIFIER = com.matthewlam.tenx.uitests;
				SDKROOT = iphoneos;
				TARGETED_DEVICE_FAMILY = "1,2";
				TEST_TARGET_NAME = TenX;
			};
			name = Release;
		};
		409B546D2E0CFE70DDF38561 /* Debug */ = {
			isa = XCBuildConfiguration;
			buildSettings = {
				CODE_SIGN_ENTITLEMENTS = Widgets/TenXWidgets.entitlements;
				INFOPLIST_FILE = Widgets/Info.plist;
				LD_RUNPATH_SEARCH_PATHS = (
					"$(inherited)",
					"@executable_path/Frameworks",
					"@executable_path/../../Frameworks",
				);
				PRODUCT_BUNDLE_IDENTIFIER = com.matthewlam.tenx.widgets;
				SDKROOT = iphoneos;
				TARGETED_DEVICE_FAMILY = "1,2";
			};
			name = Debug;
		};
		45100730BDC696D7DF5C5C0E /* Release */ = {
			isa = XCBuildConfiguration;
			buildSettings = {
				BUNDLE_LOADER = "$(TEST_HOST)";
				GENERATE_INFOPLIST_FILE = YES;
				LD_RUNPATH_SEARCH_PATHS = (
					"$(inherited)",
					"@executable_path/Frameworks",
					"@loader_path/Frameworks",
				);
				PRODUCT_BUNDLE_IDENTIFIER = com.matthewlam.tenx.tests;
				SDKROOT = iphoneos;
				TARGETED_DEVICE_FAMILY = "1,2";
				TEST_HOST = "$(BUILT_PRODUCTS_DIR)/TenX.app/TenX";
			};
			name = Release;
		};
		6B5DA6953E54571E5BF28F3F /* Debug */ = {
			isa = XCBuildConfiguration;
			buildSettings = {
				ASSETCATALOG_COMPILER_APPICON_NAME = AppIcon;
				CODE_SIGN_ENTITLEMENTS = App/TenX.entitlements;
				CODE_SIGN_IDENTITY = "iPhone Developer";
				INFOPLIST_FILE = App/Resources/Info.plist;
				LD_RUNPATH_SEARCH_PATHS = (
					"$(inherited)",
					"@executable_path/Frameworks",
				);
				PRODUCT_BUNDLE_IDENTIFIER = com.matthewlam.tenx;
				SDKROOT = iphoneos;
				TARGETED_DEVICE_FAMILY = "1,2";
			};
			name = Debug;
		};
		7DF35C76F543FB6C84704E74 /* Debug */ = {
			isa = XCBuildConfiguration;
			buildSettings = {
				BUNDLE_LOADER = "$(TEST_HOST)";
				GENERATE_INFOPLIST_FILE = YES;
				LD_RUNPATH_SEARCH_PATHS = (
					"$(inherited)",
					"@executable_path/Frameworks",
					"@loader_path/Frameworks",
				);
				PRODUCT_BUNDLE_IDENTIFIER = com.matthewlam.tenx.tests;
				SDKROOT = iphoneos;
				TARGETED_DEVICE_FAMILY = "1,2";
				TEST_HOST = "$(BUILT_PRODUCTS_DIR)/TenX.app/TenX";
			};
			name = Debug;
		};
		877CB355D0DDBA89DFFABD35 /* Debug */ = {
			isa = XCBuildConfiguration;
			buildSettings = {
				ALWAYS_SEARCH_USER_PATHS = NO;
				CLANG_ANALYZER_NONNULL = YES;
				CLANG_ANALYZER_NUMBER_OBJECT_CONVERSION = YES_AGGRESSIVE;
				CLANG_CXX_LANGUAGE_STANDARD = "gnu++14";
				CLANG_CXX_LIBRARY = "libc++";
				CLANG_ENABLE_MODULES = YES;
				CLANG_ENABLE_OBJC_ARC = YES;
				CLANG_ENABLE_OBJC_WEAK = YES;
				CLANG_WARN_BLOCK_CAPTURE_AUTORELEASING = YES;
				CLANG_WARN_BOOL_CONVERSION = YES;
				CLANG_WARN_COMMA = YES;
				CLANG_WARN_CONSTANT_CONVERSION = YES;
				CLANG_WARN_DEPRECATED_OBJC_IMPLEMENTATIONS = YES;
				CLANG_WARN_DIRECT_OBJC_ISA_USAGE = YES_ERROR;
				CLANG_WARN_DOCUMENTATION_COMMENTS = YES;
				CLANG_WARN_EMPTY_BODY = YES;
				CLANG_WARN_ENUM_CONVERSION = YES;
				CLANG_WARN_INFINITE_RECURSION = YES;
				CLANG_WARN_INT_CONVERSION = YES;
				CLANG_WARN_NON_LITERAL_NULL_CONVERSION = YES;
				CLANG_WARN_OBJC_IMPLICIT_RETAIN_SELF = YES;
				CLANG_WARN_OBJC_LITERAL_CONVERSION = YES;
				CLANG_WARN_OBJC_ROOT_CLASS = YES_ERROR;
				CLANG_WARN_QUOTED_INCLUDE_IN_FRAMEWORK_HEADER = YES;
				CLANG_WARN_RANGE_LOOP_ANALYSIS = YES;
				CLANG_WARN_STRICT_PROTOTYPES = YES;
				CLANG_WARN_SUSPICIOUS_MOVE = YES;
				CLANG_WARN_UNGUARDED_AVAILABILITY = YES_AGGRESSIVE;
				CLANG_WARN_UNREACHABLE_CODE = YES;
				CLANG_WARN__DUPLICATE_METHOD_MATCH = YES;
				COPY_PHASE_STRIP = NO;
				DEBUG_INFORMATION_FORMAT = dwarf;
				DEVELOPMENT_TEAM = P2MBURJVUW;
				ENABLE_STRICT_OBJC_MSGSEND = YES;
				ENABLE_TESTABILITY = YES;
				GCC_C_LANGUAGE_STANDARD = gnu11;
				GCC_DYNAMIC_NO_PIC = NO;
				GCC_NO_COMMON_BLOCKS = YES;
				GCC_OPTIMIZATION_LEVEL = 0;
				GCC_PREPROCESSOR_DEFINITIONS = (
					"$(inherited)",
					"DEBUG=1",
				);
				GCC_WARN_64_TO_32_BIT_CONVERSION = YES;
				GCC_WARN_ABOUT_RETURN_TYPE = YES_ERROR;
				GCC_WARN_UNDECLARED_SELECTOR = YES;
				GCC_WARN_UNINITIALIZED_AUTOS = YES_AGGRESSIVE;
				GCC_WARN_UNUSED_FUNCTION = YES;
				GCC_WARN_UNUSED_VARIABLE = YES;
				IPHONEOS_DEPLOYMENT_TARGET = 17.0;
				MTL_ENABLE_DEBUG_INFO = INCLUDE_SOURCE;
				MTL_FAST_MATH = YES;
				ONLY_ACTIVE_ARCH = YES;
				PRODUCT_NAME = "$(TARGET_NAME)";
				SDKROOT = iphoneos;
				SWIFT_ACTIVE_COMPILATION_CONDITIONS = DEBUG;
				SWIFT_OPTIMIZATION_LEVEL = "-Onone";
				SWIFT_VERSION = 5.0;
			};
			name = Debug;
		};
		BA35542F2667336F752335C9 /* Debug */ = {
			isa = XCBuildConfiguration;
			buildSettings = {
				BUNDLE_LOADER = "$(TEST_HOST)";
				GENERATE_INFOPLIST_FILE = YES;
				LD_RUNPATH_SEARCH_PATHS = (
					"$(inherited)",
					"@executable_path/Frameworks",
					"@loader_path/Frameworks",
				);
				PRODUCT_BUNDLE_IDENTIFIER = com.matthewlam.tenx.uitests;
				SDKROOT = iphoneos;
				TARGETED_DEVICE_FAMILY = "1,2";
				TEST_TARGET_NAME = TenX;
			};
			name = Debug;
		};
		F44F194FF9CEE35E05011F1F /* Release */ = {
			isa = XCBuildConfiguration;
			buildSettings = {
				CODE_SIGN_ENTITLEMENTS = Widgets/TenXWidgets.entitlements;
				INFOPLIST_FILE = Widgets/Info.plist;
				LD_RUNPATH_SEARCH_PATHS = (
					"$(inherited)",
					"@executable_path/Frameworks",
					"@executable_path/../../Frameworks",
				);
				PRODUCT_BUNDLE_IDENTIFIER = com.matthewlam.tenx.widgets;
				SDKROOT = iphoneos;
				TARGETED_DEVICE_FAMILY = "1,2";
			};
			name = Release;
		};
		FD9BF812EEF8CD9A1B5CB508 /* Release */ = {
			isa = XCBuildConfiguration;
			buildSettings = {
				ASSETCATALOG_COMPILER_APPICON_NAME = AppIcon;
				CODE_SIGN_ENTITLEMENTS = App/TenX.entitlements;
				CODE_SIGN_IDENTITY = "iPhone Developer";
				INFOPLIST_FILE = App/Resources/Info.plist;
				LD_RUNPATH_SEARCH_PATHS = (
					"$(inherited)",
					"@executable_path/Frameworks",
				);
				PRODUCT_BUNDLE_IDENTIFIER = com.matthewlam.tenx;
				SDKROOT = iphoneos;
				TARGETED_DEVICE_FAMILY = "1,2";
			};
			name = Release;
		};
/* End XCBuildConfiguration section */

/* Begin XCConfigurationList section */
		2EF9EC1B763ED7C4AD0E0A0E /* Build configuration list for PBXNativeTarget "TenX" */ = {
			isa = XCConfigurationList;
			buildConfigurations = (
				6B5DA6953E54571E5BF28F3F /* Debug */,
				FD9BF812EEF8CD9A1B5CB508 /* Release */,
			);
			defaultConfigurationIsVisible = 0;
			defaultConfigurationName = Debug;
		};
		3EB01A0CAFBD26A7C786D7B7 /* Build configuration list for PBXProject "TenX" */ = {
			isa = XCConfigurationList;
			buildConfigurations = (
				877CB355D0DDBA89DFFABD35 /* Debug */,
				260EB6A444A235B7661FEF8D /* Release */,
			);
			defaultConfigurationIsVisible = 0;
			defaultConfigurationName = Debug;
		};
		6A806B9FF0DBEA5643C2EF04 /* Build configuration list for PBXNativeTarget "TenXWidgets" */ = {
			isa = XCConfigurationList;
			buildConfigurations = (
				409B546D2E0CFE70DDF38561 /* Debug */,
				F44F194FF9CEE35E05011F1F /* Release */,
			);
			defaultConfigurationIsVisible = 0;
			defaultConfigurationName = Debug;
		};
		8667849BB6812A6E7B8DB180 /* Build configuration list for PBXNativeTarget "TenXTests" */ = {
			isa = XCConfigurationList;
			buildConfigurations = (
				7DF35C76F543FB6C84704E74 /* Debug */,
				45100730BDC696D7DF5C5C0E /* Release */,
			);
			defaultConfigurationIsVisible = 0;
			defaultConfigurationName = Debug;
		};
		DEEB8964592F72F5A1991A0D /* Build configuration list for PBXNativeTarget "TenXUITests" */ = {
			isa = XCConfigurationList;
			buildConfigurations = (
				BA35542F2667336F752335C9 /* Debug */,
				2B763753A84E1FBE632689E8 /* Release */,
			);
			defaultConfigurationIsVisible = 0;
			defaultConfigurationName = Debug;
		};
/* End XCConfigurationList section */

/* Begin XCLocalSwiftPackageReference section */
		F08D9B4D92EAEF811FCD63B6 /* XCLocalSwiftPackageReference "Shared" */ = {
			isa = XCLocalSwiftPackageReference;
			relativePath = Shared;
		};
/* End XCLocalSwiftPackageReference section */

/* Begin XCSwiftPackageProductDependency section */
		71FCB568A50E5A2BB243E6FE /* TenXShared */ = {
			isa = XCSwiftPackageProductDependency;
			productName = TenXShared;
		};
		CA46EFC70D62016D07BE0742 /* TenXShared */ = {
			isa = XCSwiftPackageProductDependency;
			productName = TenXShared;
		};
/* End XCSwiftPackageProductDependency section */
	};
	rootObject = 7F43CB6749361FC73C18FC1B /* Project object */;
}
